
Microsoft Visual Studio Solution File, Format Version 12.00
# Visual Studio Version 17
VisualStudioVersion = 17.13.35919.96
MinimumVisualStudioVersion = 10.0.40219.1
Project("{FAE04EC0-301F-11D3-BF4B-00C04F79EFBC}") = "HMI_Demo", "HMI_Demo\HMI_Demo.csproj", "{72FAFB9A-EB96-4F09-A112-D5AEE9AC5BCE}"
EndProject
Global
	GlobalSection(SolutionConfigurationPlatforms) = preSolution
		Debug|Any CPU = Debug|Any CPU
		Release|Any CPU = Release|Any CPU
	EndGlobalSection
	GlobalSection(ProjectConfigurationPlatforms) = postSolution
		{72FAFB9A-EB96-4F09-A112-D5AEE9AC5BCE}.Debug|Any CPU.ActiveCfg = Debug|Any CPU
		{72FAFB9A-EB96-4F09-A112-D5AEE9AC5BCE}.Debug|Any CPU.Build.0 = Debug|Any CPU
		{72FAFB9A-EB96-4F09-A112-D5AEE9AC5BCE}.Release|Any CPU.ActiveCfg = Release|Any CPU
		{72FAFB9A-EB96-4F09-A112-D5AEE9AC5BCE}.Release|Any CPU.Build.0 = Release|Any CPU
	EndGlobalSection
	GlobalSection(SolutionProperties) = preSolution
		HideSolutionNode = FALSE
	EndGlobalSection
	GlobalSection(ExtensibilityGlobals) = postSolution
		SolutionGuid = {8A7B20F3-98D7-43A0-8FE2-6C1039BC224B}
	EndGlobalSection
EndGlobal
